
Microsoft Visual Studio Solution File, Format Version 12.00
# Visual Studio Version 16
VisualStudioVersion = 16.0.31402.337
MinimumVisualStudioVersion = 10.0.40219.1
Project("{9A19103F-16F7-4668-BE54-9A1E7A4F7556}") = "M3U8WPF", "M3U8WPF.csproj", "{A82A49BE-3453-486C-9D77-7C1CFE0CB15A}"
EndProject
Global
	GlobalSection(SolutionConfigurationPlatforms) = preSolution
		Debug|Any CPU = Debug|Any CPU
		Release|Any CPU = Release|Any CPU
	EndGlobalSection
	GlobalSection(ProjectConfigurationPlatforms) = postSolution
		{A82A49BE-3453-486C-9D77-7C1CFE0CB15A}.Debug|Any CPU.ActiveCfg = Debug|Any CPU
		{A82A49BE-3453-486C-9D77-7C1CFE0CB15A}.Debug|Any CPU.Build.0 = Debug|Any CPU
		{A82A49BE-3453-486C-9D77-7C1CFE0CB15A}.Release|Any CPU.ActiveCfg = Release|Any CPU
		{A82A49BE-3453-486C-9D77-7C1CFE0CB15A}.Release|Any CPU.Build.0 = Release|Any CPU
	EndGlobalSection
	GlobalSection(SolutionProperties) = preSolution
		HideSolutionNode = FALSE
	EndGlobalSection
	GlobalSection(ExtensibilityGlobals) = postSolution
		SolutionGuid = {67084841-E433-4830-8063-2C71A71368D7}
	EndGlobalSection
EndGlobal
